{
  "name": "node-red-contrib-json2md",
  "version": "0.0.1",
  "lockfileVersion": 1,
  "requires": true,
  "dependencies": {
    "indento": {
      "version": "1.1.12",
      "resolved": "https://registry.npmjs.org/indento/-/indento-1.1.12.tgz",
      "integrity": "sha512-hWlFlRL6dd06MU5SsOZZ6kzO7t/7ZjcxWh1Yf/MjGtyKQMC8SPS5GbZ2XqMBGaGn+HM2QQawYxSLtS7Zv0w0BQ=="
    },
    "json2md": {
      "version": "1.7.0",
      "resolved": "https://registry.npmjs.org/json2md/-/json2md-1.7.0.tgz",
      "integrity": "sha512-g/lg6H3sEeyqCTqNLn8DTsqAa2wwqUI0Y7MnZ8d6wJLMJLgsMp5mBO9hPIPPuFjv/C1vYBoKAZG8TdTfcIGZCA==",
      "requires": {
        "indento": "^1.1.7"
      }
    }
  }
}
